
Microsoft Visual Studio Solution File, Format Version 12.00
# Visual Studio 14
VisualStudioVersion = 14.0.23107.0
MinimumVisualStudioVersion = 10.0.40219.1
Project("{FAE04EC0-301F-11D3-BF4B-00C04F79EFBC}") = "RolePlayingCharacterDevelopment", "RolePlayingCharacterDevelopment\RolePlayingCharacterDevelopment.csproj", "{46FA450C-982E-4AB4-920F-AC854740CF0A}"
EndProject
Project("{FAE04EC0-301F-11D3-BF4B-00C04F79EFBC}") = "RolePlayingCityDevelopment", "RolePlayingCityDevelopment\RolePlayingCityDevelopment.csproj", "{9C2CEEE0-087D-4DA2-9701-472810FF1F06}"
EndProject
Project("{FAE04EC0-301F-11D3-BF4B-00C04F79EFBC}") = "RolePlayingCityDevelopmentTests", "RolePlayingCityDevelopmentTests\RolePlayingCityDevelopmentTests.csproj", "{87BBEFB6-4514-45CC-92F6-088B76A0BFC7}"
EndProject
Project("{2150E333-8FDC-42A3-9474-1A3956D46DE8}") = "Solution Items", "Solution Items", "{4EAE621C-7044-42F1-A205-5A838F3C126A}"
	ProjectSection(SolutionItems) = preProject
		ReadMe.md = ReadMe.md
	EndProjectSection
EndProject
Project("{FAE04EC0-301F-11D3-BF4B-00C04F79EFBC}") = "RolePlayingCharacterDevelopmentTests", "RolePlayingCharacterDevelopmentTests\RolePlayingCharacterDevelopmentTests.csproj", "{51BC56E1-8667-4A8D-AF00-72CE4210F660}"
EndProject
Global
	GlobalSection(SolutionConfigurationPlatforms) = preSolution
		Debug|Any CPU = Debug|Any CPU
		Release|Any CPU = Release|Any CPU
	EndGlobalSection
	GlobalSection(ProjectConfigurationPlatforms) = postSolution
		{46FA450C-982E-4AB4-920F-AC854740CF0A}.Debug|Any CPU.ActiveCfg = Debug|Any CPU
		{46FA450C-982E-4AB4-920F-AC854740CF0A}.Debug|Any CPU.Build.0 = Debug|Any CPU
		{46FA450C-982E-4AB4-920F-AC854740CF0A}.Release|Any CPU.ActiveCfg = Release|Any CPU
		{46FA450C-982E-4AB4-920F-AC854740CF0A}.Release|Any CPU.Build.0 = Release|Any CPU
		{9C2CEEE0-087D-4DA2-9701-472810FF1F06}.Debug|Any CPU.ActiveCfg = Debug|Any CPU
		{9C2CEEE0-087D-4DA2-9701-472810FF1F06}.Debug|Any CPU.Build.0 = Debug|Any CPU
		{9C2CEEE0-087D-4DA2-9701-472810FF1F06}.Release|Any CPU.ActiveCfg = Release|Any CPU
		{9C2CEEE0-087D-4DA2-9701-472810FF1F06}.Release|Any CPU.Build.0 = Release|Any CPU
		{87BBEFB6-4514-45CC-92F6-088B76A0BFC7}.Debug|Any CPU.ActiveCfg = Debug|Any CPU
		{87BBEFB6-4514-45CC-92F6-088B76A0BFC7}.Debug|Any CPU.Build.0 = Debug|Any CPU
		{87BBEFB6-4514-45CC-92F6-088B76A0BFC7}.Release|Any CPU.ActiveCfg = Release|Any CPU
		{87BBEFB6-4514-45CC-92F6-088B76A0BFC7}.Release|Any CPU.Build.0 = Release|Any CPU
		{51BC56E1-8667-4A8D-AF00-72CE4210F660}.Debug|Any CPU.ActiveCfg = Debug|Any CPU
		{51BC56E1-8667-4A8D-AF00-72CE4210F660}.Debug|Any CPU.Build.0 = Debug|Any CPU
		{51BC56E1-8667-4A8D-AF00-72CE4210F660}.Release|Any CPU.ActiveCfg = Release|Any CPU
		{51BC56E1-8667-4A8D-AF00-72CE4210F660}.Release|Any CPU.Build.0 = Release|Any CPU
	EndGlobalSection
	GlobalSection(SolutionProperties) = preSolution
		HideSolutionNode = FALSE
	EndGlobalSection
EndGlobal
